
Microsoft Visual Studio Solution File, Format Version 12.00
# Visual Studio 15
VisualStudioVersion = 15.0.28307.572
MinimumVisualStudioVersion = 10.0.40219.1
Project("{FAE04EC0-301F-11D3-BF4B-00C04F79EFBC}") = "PDFConvert", "PDFConvert\PDFConvert.csproj", "{EFFD16E5-0811-44F5-A84B-FB176F4C98C1}"
EndProject
Global
	GlobalSection(SolutionConfigurationPlatforms) = preSolution
		Debug|Any CPU = Debug|Any CPU
		Release|Any CPU = Release|Any CPU
	EndGlobalSection
	GlobalSection(ProjectConfigurationPlatforms) = postSolution
		{EFFD16E5-0811-44F5-A84B-FB176F4C98C1}.Debug|Any CPU.ActiveCfg = Debug|Any CPU
		{EFFD16E5-0811-44F5-A84B-FB176F4C98C1}.Debug|Any CPU.Build.0 = Debug|Any CPU
		{EFFD16E5-0811-44F5-A84B-FB176F4C98C1}.Release|Any CPU.ActiveCfg = Release|Any CPU
		{EFFD16E5-0811-44F5-A84B-FB176F4C98C1}.Release|Any CPU.Build.0 = Release|Any CPU
	EndGlobalSection
	GlobalSection(SolutionProperties) = preSolution
		HideSolutionNode = FALSE
	EndGlobalSection
	GlobalSection(ExtensibilityGlobals) = postSolution
		SolutionGuid = {1242F8DF-0DE1-4121-A5F1-8D6BB64D3823}
	EndGlobalSection
EndGlobal
